
Microsoft Visual Studio Solution File, Format Version 12.00
# Visual Studio Version 17
VisualStudioVersion = 17.11.35312.102
MinimumVisualStudioVersion = 10.0.40219.1
Project("{FAE04EC0-301F-11D3-BF4B-00C04F79EFBC}") = "EquipmentInventory,UI", "EquipmentInventory\EquipmentInventory,UI.csproj", "{CDB1ED48-C826-4BFE-972C-D2C99C5D6288}"
EndProject
Project("{FAE04EC0-301F-11D3-BF4B-00C04F79EFBC}") = "EquipmentInventory.API", "EquipmentInventory.API\EquipmentInventory.API.csproj", "{F786A81B-7A13-4A8B-9F37-DB59B48B7125}"
EndProject
Project("{FAE04EC0-301F-11D3-BF4B-00C04F79EFBC}") = "DataAccess.Postgres", "DataAccess.Postgres\DataAccess.Postgres.csproj", "{98123953-D5C2-42E4-A0AB-84F2EB076127}"
EndProject
Project("{FAE04EC0-301F-11D3-BF4B-00C04F79EFBC}") = "SecurityToolkit", "SecurityToolkit\SecurityToolkit.csproj", "{81B845B9-E619-461F-8FC4-F7364E588B8F}"
EndProject
Global
	GlobalSection(SolutionConfigurationPlatforms) = preSolution
		Debug|Any CPU = Debug|Any CPU
		Release|Any CPU = Release|Any CPU
	EndGlobalSection
	GlobalSection(ProjectConfigurationPlatforms) = postSolution
		{CDB1ED48-C826-4BFE-972C-D2C99C5D6288}.Debug|Any CPU.ActiveCfg = Debug|Any CPU
		{CDB1ED48-C826-4BFE-972C-D2C99C5D6288}.Debug|Any CPU.Build.0 = Debug|Any CPU
		{CDB1ED48-C826-4BFE-972C-D2C99C5D6288}.Release|Any CPU.ActiveCfg = Release|Any CPU
		{CDB1ED48-C826-4BFE-972C-D2C99C5D6288}.Release|Any CPU.Build.0 = Release|Any CPU
		{F786A81B-7A13-4A8B-9F37-DB59B48B7125}.Debug|Any CPU.ActiveCfg = Debug|Any CPU
		{F786A81B-7A13-4A8B-9F37-DB59B48B7125}.Debug|Any CPU.Build.0 = Debug|Any CPU
		{F786A81B-7A13-4A8B-9F37-DB59B48B7125}.Release|Any CPU.ActiveCfg = Release|Any CPU
		{F786A81B-7A13-4A8B-9F37-DB59B48B7125}.Release|Any CPU.Build.0 = Release|Any CPU
		{98123953-D5C2-42E4-A0AB-84F2EB076127}.Debug|Any CPU.ActiveCfg = Debug|Any CPU
		{98123953-D5C2-42E4-A0AB-84F2EB076127}.Debug|Any CPU.Build.0 = Debug|Any CPU
		{98123953-D5C2-42E4-A0AB-84F2EB076127}.Release|Any CPU.ActiveCfg = Release|Any CPU
		{98123953-D5C2-42E4-A0AB-84F2EB076127}.Release|Any CPU.Build.0 = Release|Any CPU
		{81B845B9-E619-461F-8FC4-F7364E588B8F}.Debug|Any CPU.ActiveCfg = Debug|Any CPU
		{81B845B9-E619-461F-8FC4-F7364E588B8F}.Debug|Any CPU.Build.0 = Debug|Any CPU
		{81B845B9-E619-461F-8FC4-F7364E588B8F}.Release|Any CPU.ActiveCfg = Release|Any CPU
		{81B845B9-E619-461F-8FC4-F7364E588B8F}.Release|Any CPU.Build.0 = Release|Any CPU
	EndGlobalSection
	GlobalSection(SolutionProperties) = preSolution
		HideSolutionNode = FALSE
	EndGlobalSection
	GlobalSection(ExtensibilityGlobals) = postSolution
		SolutionGuid = {B5FAB744-FF0A-464D-B716-0BB496D8CCF0}
	EndGlobalSection
EndGlobal
